// !$*UTF8*$!
{
	archiveVersion = 1;
	classes = {
	};
	objectVersion = 46;
	objects = {

/* Begin PBXBuildFile section */
		37BF7FFF16957B5700FED27F /* Cocoa.framework in Frameworks */ = {isa = PBXBuildFile; fileRef = 37BF7FFE16957B5700FED27F /* Cocoa.framework */; };
		37BF800916957B5700FED27F /* InfoPlist.strings in Resources */ = {isa = PBXBuildFile; fileRef = 37BF800716957B5700FED27F /* InfoPlist.strings */; };
		37BF800B16957B5700FED27F /* main.m in Sources */ = {isa = PBXBuildFile; fileRef = 37BF800A16957B5700FED27F /* main.m */; };
		37BF800F16957B5700FED27F /* Credits.rtf in Resources */ = {isa = PBXBuildFile; fileRef = 37BF800D16957B5700FED27F /* Credits.rtf */; };
		37BF801216957B5700FED27F /* MSFAppDelegate.m in Sources */ = {isa = PBXBuildFile; fileRef = 37BF801116957B5700FED27F /* MSFAppDelegate.m */; };
		37BF801516957B5700FED27F /* MainMenu.xib in Resources */ = {isa = PBXBuildFile; fileRef = 37BF801316957B5700FED27F /* MainMenu.xib */; };
/* End PBXBuildFile section */

/* Begin PBXFileReference section */
		37BF7FFB16957B5700FED27F /* Missing System Folders.app */ = {isa = PBXFileReference; explicitFileType = wrapper.application; includeInIndex = 0; path = "Missing System Folders.app"; sourceTree = BUILT_PRODUCTS_DIR; };
		37BF7FFE16957B5700FED27F /* Cocoa.framework */ = {isa = PBXFileReference; lastKnownFileType = wrapper.framework; name = Cocoa.framework; path = System/Library/Frameworks/Cocoa.framework; sourceTree = SDKROOT; };
		37BF800116957B5700FED27F /* AppKit.framework */ = {isa = PBXFileReference; lastKnownFileType = wrapper.framework; name = AppKit.framework; path = System/Library/Frameworks/AppKit.framework; sourceTree = SDKROOT; };
		37BF800216957B5700FED27F /* CoreData.framework */ = {isa = PBXFileReference; lastKnownFileType = wrapper.framework; name = CoreData.framework; path = System/Library/Frameworks/CoreData.framework; sourceTree = SDKROOT; };
		37BF800316957B5700FED27F /* Foundation.framework */ = {isa = PBXFileReference; lastKnownFileType = wrapper.framework; name = Foundation.framework; path = System/Library/Frameworks/Foundation.framework; sourceTree = SDKROOT; };
		37BF800616957B5700FED27F /* Missing System Folders-Info.plist */ = {isa = PBXFileReference; lastKnownFileType = text.plist.xml; path = "Missing System Folders-Info.plist"; sourceTree = "<group>"; };
		37BF800816957B5700FED27F /* en */ = {isa = PBXFileReference; lastKnownFileType = text.plist.strings; name = en; path = en.lproj/InfoPlist.strings; sourceTree = "<group>"; };
		37BF800A16957B5700FED27F /* main.m */ = {isa = PBXFileReference; lastKnownFileType = sourcecode.c.objc; path = main.m; sourceTree = "<group>"; };
		37BF800C16957B5700FED27F /* Missing System Folders-Prefix.pch */ = {isa = PBXFileReference; lastKnownFileType = sourcecode.c.h; path = "Missing System Folders-Prefix.pch"; sourceTree = "<group>"; };
		37BF800E16957B5700FED27F /* en */ = {isa = PBXFileReference; lastKnownFileType = text.rtf; name = en; path = en.lproj/Credits.rtf; sourceTree = "<group>"; };
		37BF801016957B5700FED27F /* MSFAppDelegate.h */ = {isa = PBXFileReference; lastKnownFileType = sourcecode.c.h; path = MSFAppDelegate.h; sourceTree = "<group>"; };
		37BF801116957B5700FED27F /* MSFAppDelegate.m */ = {isa = PBXFileReference; lastKnownFileType = sourcecode.c.objc; path = MSFAppDelegate.m; sourceTree = "<group>"; };
		37BF801416957B5700FED27F /* en */ = {isa = PBXFileReference; lastKnownFileType = file.xib; name = en; path = en.lproj/MainMenu.xib; sourceTree = "<group>"; };
/* End PBXFileReference section */

/* Begin PBXFrameworksBuildPhase section */
		37BF7FF816957B5700FED27F /* Frameworks */ = {
			isa = PBXFrameworksBuildPhase;
			buildActionMask = 2147483647;
			files = (
				37BF7FFF16957B5700FED27F /* Cocoa.framework in Frameworks */,
			);
			runOnlyForDeploymentPostprocessing = 0;
		};
/* End PBXFrameworksBuildPhase section */

/* Begin PBXGroup section */
		37BF7FF216957B5700FED27F = {
			isa = PBXGroup;
			children = (
				37BF800416957B5700FED27F /* Missing System Folders */,
				37BF7FFD16957B5700FED27F /* Frameworks */,
				37BF7FFC16957B5700FED27F /* Products */,
			);
			sourceTree = "<group>";
		};
		37BF7FFC16957B5700FED27F /* Products */ = {
			isa = PBXGroup;
			children = (
				37BF7FFB16957B5700FED27F /* Missing System Folders.app */,
			);
			name = Products;
			sourceTree = "<group>";
		};
		37BF7FFD16957B5700FED27F /* Frameworks */ = {
			isa = PBXGroup;
			children = (
				37BF7FFE16957B5700FED27F /* Cocoa.framework */,
				37BF800016957B5700FED27F /* Other Frameworks */,
			);
			name = Frameworks;
			sourceTree = "<group>";
		};
		37BF800016957B5700FED27F /* Other Frameworks */ = {
			isa = PBXGroup;
			children = (
				37BF800116957B5700FED27F /* AppKit.framework */,
				37BF800216957B5700FED27F /* CoreData.framework */,
				37BF800316957B5700FED27F /* Foundation.framework */,
			);
			name = "Other Frameworks";
			sourceTree = "<group>";
		};
		37BF800416957B5700FED27F /* Missing System Folders */ = {
			isa = PBXGroup;
			children = (
				37BF801016957B5700FED27F /* MSFAppDelegate.h */,
				37BF801116957B5700FED27F /* MSFAppDelegate.m */,
				37BF801316957B5700FED27F /* MainMenu.xib */,
				37BF800516957B5700FED27F /* Supporting Files */,
			);
			path = "Missing System Folders";
			sourceTree = "<group>";
		};
		37BF800516957B5700FED27F /* Supporting Files */ = {
			isa = PBXGroup;
			children = (
				37BF800616957B5700FED27F /* Missing System Folders-Info.plist */,
				37BF800716957B5700FED27F /* InfoPlist.strings */,
				37BF800A16957B5700FED27F /* main.m */,
				37BF800C16957B5700FED27F /* Missing System Folders-Prefix.pch */,
				37BF800D16957B5700FED27F /* Credits.rtf */,
			);
			name = "Supporting Files";
			sourceTree = "<group>";
		};
/* End PBXGroup section */

/* Begin PBXNativeTarget section */
		37BF7FFA16957B5700FED27F /* Missing System Folders */ = {
			isa = PBXNativeTarget;
			buildConfigurationList = 37BF801816957B5700FED27F /* Build configuration list for PBXNativeTarget "Missing System Folders" */;
			buildPhases = (
				37BF7FF716957B5700FED27F /* Sources */,
				37BF7FF816957B5700FED27F /* Frameworks */,
				37BF7FF916957B5700FED27F /* Resources */,
			);
			buildRules = (
			);
			dependencies = (
			);
			name = "Missing System Folders";
			productName = "Missing System Folders";
			productReference = 37BF7FFB16957B5700FED27F /* Missing System Folders.app */;
			productType = "com.apple.product-type.application";
		};
/* End PBXNativeTarget section */

/* Begin PBXProject section */
		37BF7FF316957B5700FED27F /* Project object */ = {
			isa = PBXProject;
			attributes = {
				CLASSPREFIX = MSF;
				LastUpgradeCheck = 0460;
				ORGANIZATIONNAME = "Nicolas Bouilleaud";
			};
			buildConfigurationList = 37BF7FF616957B5700FED27F /* Build configuration list for PBXProject "Missing System Folders" */;
			compatibilityVersion = "Xcode 3.2";
			developmentRegion = English;
			hasScannedForEncodings = 0;
			knownRegions = (
				en,
			);
			mainGroup = 37BF7FF216957B5700FED27F;
			productRefGroup = 37BF7FFC16957B5700FED27F /* Products */;
			projectDirPath = "";
			projectRoot = "";
			targets = (
				37BF7FFA16957B5700FED27F /* Missing System Folders */,
			);
		};
/* End PBXProject section */

/* Begin PBXResourcesBuildPhase section */
		37BF7FF916957B5700FED27F /* Resources */ = {
			isa = PBXResourcesBuildPhase;
			buildActionMask = 2147483647;
			files = (
				37BF800916957B5700FED27F /* InfoPlist.strings in Resources */,
				37BF800F16957B5700FED27F /* Credits.rtf in Resources */,
				37BF801516957B5700FED27F /* MainMenu.xib in Resources */,
			);
			runOnlyForDeploymentPostprocessing = 0;
		};
/* End PBXResourcesBuildPhase section */

/* Begin PBXSourcesBuildPhase section */
		37BF7FF716957B5700FED27F /* Sources */ = {
			isa = PBXSourcesBuildPhase;
			buildActionMask = 2147483647;
			files = (
				37BF800B16957B5700FED27F /* main.m in Sources */,
				37BF801216957B5700FED27F /* MSFAppDelegate.m in Sources */,
			);
			runOnlyForDeploymentPostprocessing = 0;
		};
/* End PBXSourcesBuildPhase section */

/* Begin PBXVariantGroup section */
		37BF800716957B5700FED27F /* InfoPlist.strings */ = {
			isa = PBXVariantGroup;
			children = (
				37BF800816957B5700FED27F /* en */,
			);
			name = InfoPlist.strings;
			sourceTree = "<group>";
		};
		37BF800D16957B5700FED27F /* Credits.rtf */ = {
			isa = PBXVariantGroup;
			children = (
				37BF800E16957B5700FED27F /* en */,
			);
			name = Credits.rtf;
			sourceTree = "<group>";
		};
		37BF801316957B5700FED27F /* MainMenu.xib */ = {
			isa = PBXVariantGroup;
			children = (
				37BF801416957B5700FED27F /* en */,
			);
			name = MainMenu.xib;
			sourceTree = "<group>";
		};
/* End PBXVariantGroup section */

/* Begin XCBuildConfiguration section */
		37BF801616957B5700FED27F /* Debug */ = {
			isa = XCBuildConfiguration;
			buildSettings = {
				ALWAYS_SEARCH_USER_PATHS = NO;
				ARCHS = "$(ARCHS_STANDARD_64_BIT)";
				CLANG_CXX_LANGUAGE_STANDARD = "gnu++0x";
				CLANG_CXX_LIBRARY = "libc++";
				CLANG_ENABLE_OBJC_ARC = YES;
				CLANG_WARN_CONSTANT_CONVERSION = YES;
				CLANG_WARN_EMPTY_BODY = YES;
				CLANG_WARN_ENUM_CONVERSION = YES;
				CLANG_WARN_INT_CONVERSION = YES;
				CLANG_WARN__DUPLICATE_METHOD_MATCH = YES;
				COPY_PHASE_STRIP = NO;
				GCC_C_LANGUAGE_STANDARD = gnu99;
				GCC_DYNAMIC_NO_PIC = NO;
				GCC_ENABLE_OBJC_EXCEPTIONS = YES;
				GCC_OPTIMIZATION_LEVEL = 0;
				GCC_PREPROCESSOR_DEFINITIONS = (
					"DEBUG=1",
					"$(inherited)",
				);
				GCC_SYMBOLS_PRIVATE_EXTERN = NO;
				GCC_WARN_64_TO_32_BIT_CONVERSION = YES;
				GCC_WARN_ABOUT_RETURN_TYPE = YES;
				GCC_WARN_UNINITIALIZED_AUTOS = YES;
				GCC_WARN_UNUSED_VARIABLE = YES;
				MACOSX_DEPLOYMENT_TARGET = 10.8;
				ONLY_ACTIVE_ARCH = YES;
				SDKROOT = macosx;
			};
			name = Debug;
		};
		37BF801716957B5700FED27F /* Release */ = {
			isa = XCBuildConfiguration;
			buildSettings = {
				ALWAYS_SEARCH_USER_PATHS = NO;
				ARCHS = "$(ARCHS_STANDARD_64_BIT)";
				CLANG_CXX_LANGUAGE_STANDARD = "gnu++0x";
				CLANG_CXX_LIBRARY = "libc++";
				CLANG_ENABLE_OBJC_ARC = YES;
				CLANG_WARN_CONSTANT_CONVERSION = YES;
				CLANG_WARN_EMPTY_BODY = YES;
				CLANG_WARN_ENUM_CONVERSION = YES;
				CLANG_WARN_INT_CONVERSION = YES;
				CLANG_WARN__DUPLICATE_METHOD_MATCH = YES;
				COPY_PHASE_STRIP = YES;
				DEBUG_INFORMATION_FORMAT = "dwarf-with-dsym";
				GCC_C_LANGUAGE_STANDARD = gnu99;
				GCC_ENABLE_OBJC_EXCEPTIONS = YES;
				GCC_WARN_64_TO_32_BIT_CONVERSION = YES;
				GCC_WARN_ABOUT_RETURN_TYPE = YES;
				GCC_WARN_UNINITIALIZED_AUTOS = YES;
				GCC_WARN_UNUSED_VARIABLE = YES;
				MACOSX_DEPLOYMENT_TARGET = 10.8;
				SDKROOT = macosx;
			};
			name = Release;
		};
		37BF801916957B5700FED27F /* Debug */ = {
			isa = XCBuildConfiguration;
			buildSettings = {
				COMBINE_HIDPI_IMAGES = YES;
				GCC_PRECOMPILE_PREFIX_HEADER = YES;
				GCC_PREFIX_HEADER = "Missing System Folders/Missing System Folders-Prefix.pch";
				INFOPLIST_FILE = "Missing System Folders/Missing System Folders-Info.plist";
				PRODUCT_NAME = "$(TARGET_NAME)";
				WRAPPER_EXTENSION = app;
			};
			name = Debug;
		};
		37BF801A16957B5700FED27F /* Release */ = {
			isa = XCBuildConfiguration;
			buildSettings = {
				COMBINE_HIDPI_IMAGES = YES;
				GCC_PRECOMPILE_PREFIX_HEADER = YES;
				GCC_PREFIX_HEADER = "Missing System Folders/Missing System Folders-Prefix.pch";
				INFOPLIST_FILE = "Missing System Folders/Missing System Folders-Info.plist";
				PRODUCT_NAME = "$(TARGET_NAME)";
				WRAPPER_EXTENSION = app;
			};
			name = Release;
		};
/* End XCBuildConfiguration section */

/* Begin XCConfigurationList section */
		37BF7FF616957B5700FED27F /* Build configuration list for PBXProject "Missing System Folders" */ = {
			isa = XCConfigurationList;
			buildConfigurations = (
				37BF801616957B5700FED27F /* Debug */,
				37BF801716957B5700FED27F /* Release */,
			);
			defaultConfigurationIsVisible = 0;
			defaultConfigurationName = Release;
		};
		37BF801816957B5700FED27F /* Build configuration list for PBXNativeTarget "Missing System Folders" */ = {
			isa = XCConfigurationList;
			buildConfigurations = (
				37BF801916957B5700FED27F /* Debug */,
				37BF801A16957B5700FED27F /* Release */,
			);
			defaultConfigurationIsVisible = 0;
		};
/* End XCConfigurationList section */
	};
	rootObject = 37BF7FF316957B5700FED27F /* Project object */;
}
